
Microsoft Visual Studio Solution File, Format Version 12.00
# Visual Studio Version 17
VisualStudioVersion = 17.0.31903.59
MinimumVisualStudioVersion = 10.0.40219.1
Project("{2150E333-8FDC-42A3-9474-1A3956D46DE8}") = "src", "src", "{827E0CD3-B72D-47B6-A68D-7590B98EB39B}"
EndProject
Project("{FAE04EC0-301F-11D3-BF4B-00C04F79EFBC}") = "Tarot.Api", "src\Tarot.Api\Tarot.Api.csproj", "{8328049D-10C4-48C3-98C2-415F4EF5D670}"
EndProject
Project("{FAE04EC0-301F-11D3-BF4B-00C04F79EFBC}") = "Tarot.Core", "src\Tarot.Core\Tarot.Core.csproj", "{FB77B026-4BB5-40E4-902D-950F772AEDF7}"
EndProject
Project("{FAE04EC0-301F-11D3-BF4B-00C04F79EFBC}") = "Tarot.Infrastructure", "src\Tarot.Infrastructure\Tarot.Infrastructure.csproj", "{A75B55A7-1193-44BE-9006-1684ECC8951F}"
EndProject
Project("{FAE04EC0-301F-11D3-BF4B-00C04F79EFBC}") = "Tarot.Worker", "src\Tarot.Worker\Tarot.Worker.csproj", "{72CD0204-A69C-4317-AE1E-970129370CE1}"
EndProject
Project("{FAE04EC0-301F-11D3-BF4B-00C04F79EFBC}") = "Tarot.Tests", "tests\Tarot.Tests\Tarot.Tests.csproj", "{D1194B0D-5745-4033-8CEF-5E98032C4F38}"
EndProject
Project("{2150E333-8FDC-42A3-9474-1A3956D46DE8}") = "tests", "tests", "{0AB3BF05-4346-4AA6-1389-037BE0695223}"
EndProject
Project("{FAE04EC0-301F-11D3-BF4B-00C04F79EFBC}") = "Tarot.IntegrationTests", "tests\Tarot.IntegrationTests\Tarot.IntegrationTests.csproj", "{BE77AC09-AB42-4F4D-ABD3-CF7C2DDCD9D9}"
EndProject
Global
	GlobalSection(SolutionConfigurationPlatforms) = preSolution
		Debug|Any CPU = Debug|Any CPU
		Debug|x64 = Debug|x64
		Debug|x86 = Debug|x86
		Release|Any CPU = Release|Any CPU
		Release|x64 = Release|x64
		Release|x86 = Release|x86
	EndGlobalSection
	GlobalSection(ProjectConfigurationPlatforms) = postSolution
		{8328049D-10C4-48C3-98C2-415F4EF5D670}.Debug|Any CPU.ActiveCfg = Debug|Any CPU
		{8328049D-10C4-48C3-98C2-415F4EF5D670}.Debug|Any CPU.Build.0 = Debug|Any CPU
		{8328049D-10C4-48C3-98C2-415F4EF5D670}.Debug|x64.ActiveCfg = Debug|Any CPU
		{8328049D-10C4-48C3-98C2-415F4EF5D670}.Debug|x64.Build.0 = Debug|Any CPU
		{8328049D-10C4-48C3-98C2-415F4EF5D670}.Debug|x86.ActiveCfg = Debug|Any CPU
		{8328049D-10C4-48C3-98C2-415F4EF5D670}.Debug|x86.Build.0 = Debug|Any CPU
		{8328049D-10C4-48C3-98C2-415F4EF5D670}.Release|Any CPU.ActiveCfg = Release|Any CPU
		{8328049D-10C4-48C3-98C2-415F4EF5D670}.Release|Any CPU.Build.0 = Release|Any CPU
		{8328049D-10C4-48C3-98C2-415F4EF5D670}.Release|x64.ActiveCfg = Release|Any CPU
		{8328049D-10C4-48C3-98C2-415F4EF5D670}.Release|x64.Build.0 = Release|Any CPU
		{8328049D-10C4-48C3-98C2-415F4EF5D670}.Release|x86.ActiveCfg = Release|Any CPU
		{8328049D-10C4-48C3-98C2-415F4EF5D670}.Release|x86.Build.0 = Release|Any CPU
		{FB77B026-4BB5-40E4-902D-950F772AEDF7}.Debug|Any CPU.ActiveCfg = Debug|Any CPU
		{FB77B026-4BB5-40E4-902D-950F772AEDF7}.Debug|Any CPU.Build.0 = Debug|Any CPU
		{FB77B026-4BB5-40E4-902D-950F772AEDF7}.Debug|x64.ActiveCfg = Debug|Any CPU
		{FB77B026-4BB5-40E4-902D-950F772AEDF7}.Debug|x64.Build.0 = Debug|Any CPU
		{FB77B026-4BB5-40E4-902D-950F772AEDF7}.Debug|x86.ActiveCfg = Debug|Any CPU
		{FB77B026-4BB5-40E4-902D-950F772AEDF7}.Debug|x86.Build.0 = Debug|Any CPU
		{FB77B026-4BB5-40E4-902D-950F772AEDF7}.Release|Any CPU.ActiveCfg = Release|Any CPU
		{FB77B026-4BB5-40E4-902D-950F772AEDF7}.Release|Any CPU.Build.0 = Release|Any CPU
		{FB77B026-4BB5-40E4-902D-950F772AEDF7}.Release|x64.ActiveCfg = Release|Any CPU
		{FB77B026-4BB5-40E4-902D-950F772AEDF7}.Release|x64.Build.0 = Release|Any CPU
		{FB77B026-4BB5-40E4-902D-950F772AEDF7}.Release|x86.ActiveCfg = Release|Any CPU
		{FB77B026-4BB5-40E4-902D-950F772AEDF7}.Release|x86.Build.0 = Release|Any CPU
		{A75B55A7-1193-44BE-9006-1684ECC8951F}.Debug|Any CPU.ActiveCfg = Debug|Any CPU
		{A75B55A7-1193-44BE-9006-1684ECC8951F}.Debug|Any CPU.Build.0 = Debug|Any CPU
		{A75B55A7-1193-44BE-9006-1684ECC8951F}.Debug|x64.ActiveCfg = Debug|Any CPU
		{A75B55A7-1193-44BE-9006-1684ECC8951F}.Debug|x64.Build.0 = Debug|Any CPU
		{A75B55A7-1193-44BE-9006-1684ECC8951F}.Debug|x86.ActiveCfg = Debug|Any CPU
		{A75B55A7-1193-44BE-9006-1684ECC8951F}.Debug|x86.Build.0 = Debug|Any CPU
		{A75B55A7-1193-44BE-9006-1684ECC8951F}.Release|Any CPU.ActiveCfg = Release|Any CPU
		{A75B55A7-1193-44BE-9006-1684ECC8951F}.Release|Any CPU.Build.0 = Release|Any CPU
		{A75B55A7-1193-44BE-9006-1684ECC8951F}.Release|x64.ActiveCfg = Release|Any CPU
		{A75B55A7-1193-44BE-9006-1684ECC8951F}.Release|x64.Build.0 = Release|Any CPU
		{A75B55A7-1193-44BE-9006-1684ECC8951F}.Release|x86.ActiveCfg = Release|Any CPU
		{A75B55A7-1193-44BE-9006-1684ECC8951F}.Release|x86.Build.0 = Release|Any CPU
		{72CD0204-A69C-4317-AE1E-970129370CE1}.Debug|Any CPU.ActiveCfg = Debug|Any CPU
		{72CD0204-A69C-4317-AE1E-970129370CE1}.Debug|Any CPU.Build.0 = Debug|Any CPU
		{72CD0204-A69C-4317-AE1E-970129370CE1}.Debug|x64.ActiveCfg = Debug|Any CPU
		{72CD0204-A69C-4317-AE1E-970129370CE1}.Debug|x64.Build.0 = Debug|Any CPU
		{72CD0204-A69C-4317-AE1E-970129370CE1}.Debug|x86.ActiveCfg = Debug|Any CPU
		{72CD0204-A69C-4317-AE1E-970129370CE1}.Debug|x86.Build.0 = Debug|Any CPU
		{72CD0204-A69C-4317-AE1E-970129370CE1}.Release|Any CPU.ActiveCfg = Release|Any CPU
		{72CD0204-A69C-4317-AE1E-970129370CE1}.Release|Any CPU.Build.0 = Release|Any CPU
		{72CD0204-A69C-4317-AE1E-970129370CE1}.Release|x64.ActiveCfg = Release|Any CPU
		{72CD0204-A69C-4317-AE1E-970129370CE1}.Release|x64.Build.0 = Release|Any CPU
		{72CD0204-A69C-4317-AE1E-970129370CE1}.Release|x86.ActiveCfg = Release|Any CPU
		{72CD0204-A69C-4317-AE1E-970129370CE1}.Release|x86.Build.0 = Release|Any CPU
		{D1194B0D-5745-4033-8CEF-5E98032C4F38}.Debug|Any CPU.ActiveCfg = Debug|Any CPU
		{D1194B0D-5745-4033-8CEF-5E98032C4F38}.Debug|Any CPU.Build.0 = Debug|Any CPU
		{D1194B0D-5745-4033-8CEF-5E98032C4F38}.Debug|x64.ActiveCfg = Debug|Any CPU
		{D1194B0D-5745-4033-8CEF-5E98032C4F38}.Debug|x64.Build.0 = Debug|Any CPU
		{D1194B0D-5745-4033-8CEF-5E98032C4F38}.Debug|x86.ActiveCfg = Debug|Any CPU
		{D1194B0D-5745-4033-8CEF-5E98032C4F38}.Debug|x86.Build.0 = Debug|Any CPU
		{D1194B0D-5745-4033-8CEF-5E98032C4F38}.Release|Any CPU.ActiveCfg = Release|Any CPU
		{D1194B0D-5745-4033-8CEF-5E98032C4F38}.Release|Any CPU.Build.0 = Release|Any CPU
		{D1194B0D-5745-4033-8CEF-5E98032C4F38}.Release|x64.ActiveCfg = Release|Any CPU
		{D1194B0D-5745-4033-8CEF-5E98032C4F38}.Release|x64.Build.0 = Release|Any CPU
		{D1194B0D-5745-4033-8CEF-5E98032C4F38}.Release|x86.ActiveCfg = Release|Any CPU
		{D1194B0D-5745-4033-8CEF-5E98032C4F38}.Release|x86.Build.0 = Release|Any CPU
		{BE77AC09-AB42-4F4D-ABD3-CF7C2DDCD9D9}.Debug|Any CPU.ActiveCfg = Debug|Any CPU
		{BE77AC09-AB42-4F4D-ABD3-CF7C2DDCD9D9}.Debug|Any CPU.Build.0 = Debug|Any CPU
		{BE77AC09-AB42-4F4D-ABD3-CF7C2DDCD9D9}.Debug|x64.ActiveCfg = Debug|Any CPU
		{BE77AC09-AB42-4F4D-ABD3-CF7C2DDCD9D9}.Debug|x64.Build.0 = Debug|Any CPU
		{BE77AC09-AB42-4F4D-ABD3-CF7C2DDCD9D9}.Debug|x86.ActiveCfg = Debug|Any CPU
		{BE77AC09-AB42-4F4D-ABD3-CF7C2DDCD9D9}.Debug|x86.Build.0 = Debug|Any CPU
		{BE77AC09-AB42-4F4D-ABD3-CF7C2DDCD9D9}.Release|Any CPU.ActiveCfg = Release|Any CPU
		{BE77AC09-AB42-4F4D-ABD3-CF7C2DDCD9D9}.Release|Any CPU.Build.0 = Release|Any CPU
		{BE77AC09-AB42-4F4D-ABD3-CF7C2DDCD9D9}.Release|x64.ActiveCfg = Release|Any CPU
		{BE77AC09-AB42-4F4D-ABD3-CF7C2DDCD9D9}.Release|x64.Build.0 = Release|Any CPU
		{BE77AC09-AB42-4F4D-ABD3-CF7C2DDCD9D9}.Release|x86.ActiveCfg = Release|Any CPU
		{BE77AC09-AB42-4F4D-ABD3-CF7C2DDCD9D9}.Release|x86.Build.0 = Release|Any CPU
	EndGlobalSection
	GlobalSection(SolutionProperties) = preSolution
		HideSolutionNode = FALSE
	EndGlobalSection
	GlobalSection(NestedProjects) = preSolution
		{8328049D-10C4-48C3-98C2-415F4EF5D670} = {827E0CD3-B72D-47B6-A68D-7590B98EB39B}
		{FB77B026-4BB5-40E4-902D-950F772AEDF7} = {827E0CD3-B72D-47B6-A68D-7590B98EB39B}
		{A75B55A7-1193-44BE-9006-1684ECC8951F} = {827E0CD3-B72D-47B6-A68D-7590B98EB39B}
		{72CD0204-A69C-4317-AE1E-970129370CE1} = {827E0CD3-B72D-47B6-A68D-7590B98EB39B}
		{D1194B0D-5745-4033-8CEF-5E98032C4F38} = {827E0CD3-B72D-47B6-A68D-7590B98EB39B}
		{BE77AC09-AB42-4F4D-ABD3-CF7C2DDCD9D9} = {0AB3BF05-4346-4AA6-1389-037BE0695223}
	EndGlobalSection
EndGlobal
